
Microsoft Visual Studio Solution File, Format Version 12.00
# Visual Studio Version 17
VisualStudioVersion = 17.9.34714.143
MinimumVisualStudioVersion = 10.0.40219.1
Project("{FAE04EC0-301F-11D3-BF4B-00C04F79EFBC}") = "Arrays", "Arrays\Arrays.csproj", "{B7D58A54-9EE4-46E3-B6EC-3B019CF99253}"
EndProject
Global
	GlobalSection(SolutionConfigurationPlatforms) = preSolution
		Debug|Any CPU = Debug|Any CPU
		Release|Any CPU = Release|Any CPU
	EndGlobalSection
	GlobalSection(ProjectConfigurationPlatforms) = postSolution
		{B7D58A54-9EE4-46E3-B6EC-3B019CF99253}.Debug|Any CPU.ActiveCfg = Debug|Any CPU
		{B7D58A54-9EE4-46E3-B6EC-3B019CF99253}.Debug|Any CPU.Build.0 = Debug|Any CPU
		{B7D58A54-9EE4-46E3-B6EC-3B019CF99253}.Release|Any CPU.ActiveCfg = Release|Any CPU
		{B7D58A54-9EE4-46E3-B6EC-3B019CF99253}.Release|Any CPU.Build.0 = Release|Any CPU
	EndGlobalSection
	GlobalSection(SolutionProperties) = preSolution
		HideSolutionNode = FALSE
	EndGlobalSection
	GlobalSection(ExtensibilityGlobals) = postSolution
		SolutionGuid = {88E42F88-C961-45D0-A8A4-B2FF0BF3694C}
	EndGlobalSection
EndGlobal
